// !$*UTF8*$!
{
	archiveVersion = 1;
	classes = {
	};
	objectVersion = 46;
	objects = {

/* Begin PBXBuildFile section */
		8D17D6EA198878A400DB5F1C /* AppDelegate.swift in Sources */ = {isa = PBXBuildFile; fileRef = 8D17D6E9198878A400DB5F1C /* AppDelegate.swift */; };
		8D17D6EC198878A400DB5F1C /* ViewController.swift in Sources */ = {isa = PBXBuildFile; fileRef = 8D17D6EB198878A400DB5F1C /* ViewController.swift */; };
		8D17D6EF198878A400DB5F1C /* Main.storyboard in Resources */ = {isa = PBXBuildFile; fileRef = 8D17D6ED198878A400DB5F1C /* Main.storyboard */; };
		8D17D6F1198878A400DB5F1C /* Images.xcassets in Resources */ = {isa = PBXBuildFile; fileRef = 8D17D6F0198878A400DB5F1C /* Images.xcassets */; };
		8D17D6FD198878A400DB5F1C /* SwiftTweetsTests.swift in Sources */ = {isa = PBXBuildFile; fileRef = 8D17D6FC198878A400DB5F1C /* SwiftTweetsTests.swift */; };
		8D17D70719887D3C00DB5F1C /* TweetsTableviewDelegate.swift in Sources */ = {isa = PBXBuildFile; fileRef = 8D17D70619887D3C00DB5F1C /* TweetsTableviewDelegate.swift */; };
		8D17D70919887F6F00DB5F1C /* Extensions.swift in Sources */ = {isa = PBXBuildFile; fileRef = 8D17D70819887F6F00DB5F1C /* Extensions.swift */; };
		8D17D70F19888CAE00DB5F1C /* green.png in Resources */ = {isa = PBXBuildFile; fileRef = 8D17D70E19888CAE00DB5F1C /* green.png */; };
/* End PBXBuildFile section */

/* Begin PBXContainerItemProxy section */
		8D17D6F7198878A400DB5F1C /* PBXContainerItemProxy */ = {
			isa = PBXContainerItemProxy;
			containerPortal = 8D17D6DC198878A400DB5F1C /* Project object */;
			proxyType = 1;
			remoteGlobalIDString = 8D17D6E3198878A400DB5F1C;
			remoteInfo = SwiftTweets;
		};
/* End PBXContainerItemProxy section */

/* Begin PBXFileReference section */
		8D17D6E4198878A400DB5F1C /* SwiftTweets.app */ = {isa = PBXFileReference; explicitFileType = wrapper.application; includeInIndex = 0; path = SwiftTweets.app; sourceTree = BUILT_PRODUCTS_DIR; };
		8D17D6E8198878A400DB5F1C /* Info.plist */ = {isa = PBXFileReference; lastKnownFileType = text.plist.xml; path = Info.plist; sourceTree = "<group>"; };
		8D17D6E9198878A400DB5F1C /* AppDelegate.swift */ = {isa = PBXFileReference; lastKnownFileType = sourcecode.swift; path = AppDelegate.swift; sourceTree = "<group>"; };
		8D17D6EB198878A400DB5F1C /* ViewController.swift */ = {isa = PBXFileReference; lastKnownFileType = sourcecode.swift; path = ViewController.swift; sourceTree = "<group>"; };
		8D17D6EE198878A400DB5F1C /* Base */ = {isa = PBXFileReference; lastKnownFileType = file.storyboard; name = Base; path = Base.lproj/Main.storyboard; sourceTree = "<group>"; };
		8D17D6F0198878A400DB5F1C /* Images.xcassets */ = {isa = PBXFileReference; lastKnownFileType = folder.assetcatalog; path = Images.xcassets; sourceTree = "<group>"; };
		8D17D6F6198878A400DB5F1C /* SwiftTweetsTests.xctest */ = {isa = PBXFileReference; explicitFileType = wrapper.cfbundle; includeInIndex = 0; path = SwiftTweetsTests.xctest; sourceTree = BUILT_PRODUCTS_DIR; };
		8D17D6FB198878A400DB5F1C /* Info.plist */ = {isa = PBXFileReference; lastKnownFileType = text.plist.xml; path = Info.plist; sourceTree = "<group>"; };
		8D17D6FC198878A400DB5F1C /* SwiftTweetsTests.swift */ = {isa = PBXFileReference; lastKnownFileType = sourcecode.swift; path = SwiftTweetsTests.swift; sourceTree = "<group>"; };
		8D17D70619887D3C00DB5F1C /* TweetsTableviewDelegate.swift */ = {isa = PBXFileReference; fileEncoding = 4; lastKnownFileType = sourcecode.swift; path = TweetsTableviewDelegate.swift; sourceTree = "<group>"; };
		8D17D70819887F6F00DB5F1C /* Extensions.swift */ = {isa = PBXFileReference; fileEncoding = 4; lastKnownFileType = sourcecode.swift; path = Extensions.swift; sourceTree = "<group>"; };
		8D17D70E19888CAE00DB5F1C /* green.png */ = {isa = PBXFileReference; lastKnownFileType = image.png; path = green.png; sourceTree = "<group>"; };
/* End PBXFileReference section */

/* Begin PBXFrameworksBuildPhase section */
		8D17D6E1198878A400DB5F1C /* Frameworks */ = {
			isa = PBXFrameworksBuildPhase;
			buildActionMask = 2147483647;
			files = (
			);
			runOnlyForDeploymentPostprocessing = 0;
		};
		8D17D6F3198878A400DB5F1C /* Frameworks */ = {
			isa = PBXFrameworksBuildPhase;
			buildActionMask = 2147483647;
			files = (
			);
			runOnlyForDeploymentPostprocessing = 0;
		};
/* End PBXFrameworksBuildPhase section */

/* Begin PBXGroup section */
		8D17D6DB198878A400DB5F1C = {
			isa = PBXGroup;
			children = (
				8D17D6E6198878A400DB5F1C /* SwiftTweets */,
				8D17D6F9198878A400DB5F1C /* SwiftTweetsTests */,
				8D17D6E5198878A400DB5F1C /* Products */,
			);
			sourceTree = "<group>";
		};
		8D17D6E5198878A400DB5F1C /* Products */ = {
			isa = PBXGroup;
			children = (
				8D17D6E4198878A400DB5F1C /* SwiftTweets.app */,
				8D17D6F6198878A400DB5F1C /* SwiftTweetsTests.xctest */,
			);
			name = Products;
			sourceTree = "<group>";
		};
		8D17D6E6198878A400DB5F1C /* SwiftTweets */ = {
			isa = PBXGroup;
			children = (
				8D17D70819887F6F00DB5F1C /* Extensions.swift */,
				8D17D6E9198878A400DB5F1C /* AppDelegate.swift */,
				8D17D6EB198878A400DB5F1C /* ViewController.swift */,
				8D17D70619887D3C00DB5F1C /* TweetsTableviewDelegate.swift */,
				8D17D6ED198878A400DB5F1C /* Main.storyboard */,
				8D17D6F0198878A400DB5F1C /* Images.xcassets */,
				8D17D6E7198878A400DB5F1C /* Supporting Files */,
			);
			path = SwiftTweets;
			sourceTree = "<group>";
		};
		8D17D6E7198878A400DB5F1C /* Supporting Files */ = {
			isa = PBXGroup;
			children = (
				8D17D70E19888CAE00DB5F1C /* green.png */,
				8D17D6E8198878A400DB5F1C /* Info.plist */,
			);
			name = "Supporting Files";
			sourceTree = "<group>";
		};
		8D17D6F9198878A400DB5F1C /* SwiftTweetsTests */ = {
			isa = PBXGroup;
			children = (
				8D17D6FC198878A400DB5F1C /* SwiftTweetsTests.swift */,
				8D17D6FA198878A400DB5F1C /* Supporting Files */,
			);
			path = SwiftTweetsTests;
			sourceTree = "<group>";
		};
		8D17D6FA198878A400DB5F1C /* Supporting Files */ = {
			isa = PBXGroup;
			children = (
				8D17D6FB198878A400DB5F1C /* Info.plist */,
			);
			name = "Supporting Files";
			sourceTree = "<group>";
		};
/* End PBXGroup section */

/* Begin PBXNativeTarget section */
		8D17D6E3198878A400DB5F1C /* SwiftTweets */ = {
			isa = PBXNativeTarget;
			buildConfigurationList = 8D17D700198878A400DB5F1C /* Build configuration list for PBXNativeTarget "SwiftTweets" */;
			buildPhases = (
				8D17D6E0198878A400DB5F1C /* Sources */,
				8D17D6E1198878A400DB5F1C /* Frameworks */,
				8D17D6E2198878A400DB5F1C /* Resources */,
			);
			buildRules = (
			);
			dependencies = (
			);
			name = SwiftTweets;
			productName = SwiftTweets;
			productReference = 8D17D6E4198878A400DB5F1C /* SwiftTweets.app */;
			productType = "com.apple.product-type.application";
		};
		8D17D6F5198878A400DB5F1C /* SwiftTweetsTests */ = {
			isa = PBXNativeTarget;
			buildConfigurationList = 8D17D703198878A400DB5F1C /* Build configuration list for PBXNativeTarget "SwiftTweetsTests" */;
			buildPhases = (
				8D17D6F2198878A400DB5F1C /* Sources */,
				8D17D6F3198878A400DB5F1C /* Frameworks */,
				8D17D6F4198878A400DB5F1C /* Resources */,
			);
			buildRules = (
			);
			dependencies = (
				8D17D6F8198878A400DB5F1C /* PBXTargetDependency */,
			);
			name = SwiftTweetsTests;
			productName = SwiftTweetsTests;
			productReference = 8D17D6F6198878A400DB5F1C /* SwiftTweetsTests.xctest */;
			productType = "com.apple.product-type.bundle.unit-test";
		};
/* End PBXNativeTarget section */

/* Begin PBXProject section */
		8D17D6DC198878A400DB5F1C /* Project object */ = {
			isa = PBXProject;
			attributes = {
				LastUpgradeCheck = 0600;
				ORGANIZATIONNAME = "Jigar M";
				TargetAttributes = {
					8D17D6E3198878A400DB5F1C = {
						CreatedOnToolsVersion = 6.0;
					};
					8D17D6F5198878A400DB5F1C = {
						CreatedOnToolsVersion = 6.0;
						TestTargetID = 8D17D6E3198878A400DB5F1C;
					};
				};
			};
			buildConfigurationList = 8D17D6DF198878A400DB5F1C /* Build configuration list for PBXProject "SwiftTweets" */;
			compatibilityVersion = "Xcode 3.2";
			developmentRegion = English;
			hasScannedForEncodings = 0;
			knownRegions = (
				en,
				Base,
			);
			mainGroup = 8D17D6DB198878A400DB5F1C;
			productRefGroup = 8D17D6E5198878A400DB5F1C /* Products */;
			projectDirPath = "";
			projectRoot = "";
			targets = (
				8D17D6E3198878A400DB5F1C /* SwiftTweets */,
				8D17D6F5198878A400DB5F1C /* SwiftTweetsTests */,
			);
		};
/* End PBXProject section */

/* Begin PBXResourcesBuildPhase section */
		8D17D6E2198878A400DB5F1C /* Resources */ = {
			isa = PBXResourcesBuildPhase;
			buildActionMask = 2147483647;
			files = (
				8D17D70F19888CAE00DB5F1C /* green.png in Resources */,
				8D17D6EF198878A400DB5F1C /* Main.storyboard in Resources */,
				8D17D6F1198878A400DB5F1C /* Images.xcassets in Resources */,
			);
			runOnlyForDeploymentPostprocessing = 0;
		};
		8D17D6F4198878A400DB5F1C /* Resources */ = {
			isa = PBXResourcesBuildPhase;
			buildActionMask = 2147483647;
			files = (
			);
			runOnlyForDeploymentPostprocessing = 0;
		};
/* End PBXResourcesBuildPhase section */

/* Begin PBXSourcesBuildPhase section */
		8D17D6E0198878A400DB5F1C /* Sources */ = {
			isa = PBXSourcesBuildPhase;
			buildActionMask = 2147483647;
			files = (
				8D17D6EC198878A400DB5F1C /* ViewController.swift in Sources */,
				8D17D6EA198878A400DB5F1C /* AppDelegate.swift in Sources */,
				8D17D70719887D3C00DB5F1C /* TweetsTableviewDelegate.swift in Sources */,
				8D17D70919887F6F00DB5F1C /* Extensions.swift in Sources */,
			);
			runOnlyForDeploymentPostprocessing = 0;
		};
		8D17D6F2198878A400DB5F1C /* Sources */ = {
			isa = PBXSourcesBuildPhase;
			buildActionMask = 2147483647;
			files = (
				8D17D6FD198878A400DB5F1C /* SwiftTweetsTests.swift in Sources */,
			);
			runOnlyForDeploymentPostprocessing = 0;
		};
/* End PBXSourcesBuildPhase section */

/* Begin PBXTargetDependency section */
		8D17D6F8198878A400DB5F1C /* PBXTargetDependency */ = {
			isa = PBXTargetDependency;
			target = 8D17D6E3198878A400DB5F1C /* SwiftTweets */;
			targetProxy = 8D17D6F7198878A400DB5F1C /* PBXContainerItemProxy */;
		};
/* End PBXTargetDependency section */

/* Begin PBXVariantGroup section */
		8D17D6ED198878A400DB5F1C /* Main.storyboard */ = {
			isa = PBXVariantGroup;
			children = (
				8D17D6EE198878A400DB5F1C /* Base */,
			);
			name = Main.storyboard;
			sourceTree = "<group>";
		};
/* End PBXVariantGroup section */

/* Begin XCBuildConfiguration section */
		8D17D6FE198878A400DB5F1C /* Debug */ = {
			isa = XCBuildConfiguration;
			buildSettings = {
				ALWAYS_SEARCH_USER_PATHS = NO;
				CLANG_CXX_LANGUAGE_STANDARD = "gnu++0x";
				CLANG_CXX_LIBRARY = "libc++";
				CLANG_ENABLE_MODULES = YES;
				CLANG_ENABLE_OBJC_ARC = YES;
				CLANG_WARN_BOOL_CONVERSION = YES;
				CLANG_WARN_CONSTANT_CONVERSION = YES;
				CLANG_WARN_DIRECT_OBJC_ISA_USAGE = YES_ERROR;
				CLANG_WARN_EMPTY_BODY = YES;
				CLANG_WARN_ENUM_CONVERSION = YES;
				CLANG_WARN_INT_CONVERSION = YES;
				CLANG_WARN_OBJC_ROOT_CLASS = YES_ERROR;
				CLANG_WARN_UNREACHABLE_CODE = YES;
				CLANG_WARN__DUPLICATE_METHOD_MATCH = YES;
				"CODE_SIGN_IDENTITY[sdk=iphoneos*]" = "iPhone Developer";
				COPY_PHASE_STRIP = NO;
				ENABLE_STRICT_OBJC_MSGSEND = YES;
				GCC_C_LANGUAGE_STANDARD = gnu99;
				GCC_DYNAMIC_NO_PIC = NO;
				GCC_OPTIMIZATION_LEVEL = 0;
				GCC_PREPROCESSOR_DEFINITIONS = (
					"DEBUG=1",
					"$(inherited)",
				);
				GCC_SYMBOLS_PRIVATE_EXTERN = NO;
				GCC_WARN_64_TO_32_BIT_CONVERSION = YES;
				GCC_WARN_ABOUT_RETURN_TYPE = YES_ERROR;
				GCC_WARN_UNDECLARED_SELECTOR = YES;
				GCC_WARN_UNINITIALIZED_AUTOS = YES_AGGRESSIVE;
				GCC_WARN_UNUSED_FUNCTION = YES;
				GCC_WARN_UNUSED_VARIABLE = YES;
				IPHONEOS_DEPLOYMENT_TARGET = 8.0;
				METAL_ENABLE_DEBUG_INFO = YES;
				ONLY_ACTIVE_ARCH = YES;
				SDKROOT = iphoneos;
				SWIFT_OPTIMIZATION_LEVEL = "-Onone";
			};
			name = Debug;
		};
		8D17D6FF198878A400DB5F1C /* Release */ = {
			isa = XCBuildConfiguration;
			buildSettings = {
				ALWAYS_SEARCH_USER_PATHS = NO;
				CLANG_CXX_LANGUAGE_STANDARD = "gnu++0x";
				CLANG_CXX_LIBRARY = "libc++";
				CLANG_ENABLE_MODULES = YES;
				CLANG_ENABLE_OBJC_ARC = YES;
				CLANG_WARN_BOOL_CONVERSION = YES;
				CLANG_WARN_CONSTANT_CONVERSION = YES;
				CLANG_WARN_DIRECT_OBJC_ISA_USAGE = YES_ERROR;
				CLANG_WARN_EMPTY_BODY = YES;
				CLANG_WARN_ENUM_CONVERSION = YES;
				CLANG_WARN_INT_CONVERSION = YES;
				CLANG_WARN_OBJC_ROOT_CLASS = YES_ERROR;
				CLANG_WARN_UNREACHABLE_CODE = YES;
				CLANG_WARN__DUPLICATE_METHOD_MATCH = YES;
				"CODE_SIGN_IDENTITY[sdk=iphoneos*]" = "iPhone Developer";
				COPY_PHASE_STRIP = YES;
				ENABLE_NS_ASSERTIONS = NO;
				ENABLE_STRICT_OBJC_MSGSEND = YES;
				GCC_C_LANGUAGE_STANDARD = gnu99;
				GCC_WARN_64_TO_32_BIT_CONVERSION = YES;
				GCC_WARN_ABOUT_RETURN_TYPE = YES_ERROR;
				GCC_WARN_UNDECLARED_SELECTOR = YES;
				GCC_WARN_UNINITIALIZED_AUTOS = YES_AGGRESSIVE;
				GCC_WARN_UNUSED_FUNCTION = YES;
				GCC_WARN_UNUSED_VARIABLE = YES;
				IPHONEOS_DEPLOYMENT_TARGET = 8.0;
				METAL_ENABLE_DEBUG_INFO = NO;
				SDKROOT = iphoneos;
				VALIDATE_PRODUCT = YES;
			};
			name = Release;
		};
		8D17D701198878A400DB5F1C /* Debug */ = {
			isa = XCBuildConfiguration;
			buildSettings = {
				ASSETCATALOG_COMPILER_APPICON_NAME = AppIcon;
				ASSETCATALOG_COMPILER_LAUNCHIMAGE_NAME = LaunchImage;
				INFOPLIST_FILE = SwiftTweets/Info.plist;
				LD_RUNPATH_SEARCH_PATHS = "$(inherited) @executable_path/Frameworks";
				PRODUCT_NAME = "$(TARGET_NAME)";
			};
			name = Debug;
		};
		8D17D702198878A400DB5F1C /* Release */ = {
			isa = XCBuildConfiguration;
			buildSettings = {
				ASSETCATALOG_COMPILER_APPICON_NAME = AppIcon;
				ASSETCATALOG_COMPILER_LAUNCHIMAGE_NAME = LaunchImage;
				INFOPLIST_FILE = SwiftTweets/Info.plist;
				LD_RUNPATH_SEARCH_PATHS = "$(inherited) @executable_path/Frameworks";
				PRODUCT_NAME = "$(TARGET_NAME)";
			};
			name = Release;
		};
		8D17D704198878A400DB5F1C /* Debug */ = {
			isa = XCBuildConfiguration;
			buildSettings = {
				BUNDLE_LOADER = "$(BUILT_PRODUCTS_DIR)/SwiftTweets.app/SwiftTweets";
				FRAMEWORK_SEARCH_PATHS = (
					"$(SDKROOT)/Developer/Library/Frameworks",
					"$(inherited)",
				);
				GCC_PREPROCESSOR_DEFINITIONS = (
					"DEBUG=1",
					"$(inherited)",
				);
				INFOPLIST_FILE = SwiftTweetsTests/Info.plist;
				LD_RUNPATH_SEARCH_PATHS = "$(inherited) @executable_path/Frameworks @loader_path/Frameworks";
				METAL_ENABLE_DEBUG_INFO = YES;
				PRODUCT_NAME = "$(TARGET_NAME)";
				TEST_HOST = "$(BUNDLE_LOADER)";
			};
			name = Debug;
		};
		8D17D705198878A400DB5F1C /* Release */ = {
			isa = XCBuildConfiguration;
			buildSettings = {
				BUNDLE_LOADER = "$(BUILT_PRODUCTS_DIR)/SwiftTweets.app/SwiftTweets";
				FRAMEWORK_SEARCH_PATHS = (
					"$(SDKROOT)/Developer/Library/Frameworks",
					"$(inherited)",
				);
				INFOPLIST_FILE = SwiftTweetsTests/Info.plist;
				LD_RUNPATH_SEARCH_PATHS = "$(inherited) @executable_path/Frameworks @loader_path/Frameworks";
				METAL_ENABLE_DEBUG_INFO = NO;
				PRODUCT_NAME = "$(TARGET_NAME)";
				TEST_HOST = "$(BUNDLE_LOADER)";
			};
			name = Release;
		};
/* End XCBuildConfiguration section */

/* Begin XCConfigurationList section */
		8D17D6DF198878A400DB5F1C /* Build configuration list for PBXProject "SwiftTweets" */ = {
			isa = XCConfigurationList;
			buildConfigurations = (
				8D17D6FE198878A400DB5F1C /* Debug */,
				8D17D6FF198878A400DB5F1C /* Release */,
			);
			defaultConfigurationIsVisible = 0;
			defaultConfigurationName = Release;
		};
		8D17D700198878A400DB5F1C /* Build configuration list for PBXNativeTarget "SwiftTweets" */ = {
			isa = XCConfigurationList;
			buildConfigurations = (
				8D17D701198878A400DB5F1C /* Debug */,
				8D17D702198878A400DB5F1C /* Release */,
			);
			defaultConfigurationIsVisible = 0;
			defaultConfigurationName = Release;
		};
		8D17D703198878A400DB5F1C /* Build configuration list for PBXNativeTarget "SwiftTweetsTests" */ = {
			isa = XCConfigurationList;
			buildConfigurations = (
				8D17D704198878A400DB5F1C /* Debug */,
				8D17D705198878A400DB5F1C /* Release */,
			);
			defaultConfigurationIsVisible = 0;
			defaultConfigurationName = Release;
		};
/* End XCConfigurationList section */
	};
	rootObject = 8D17D6DC198878A400DB5F1C /* Project object */;
}
